
Microsoft Visual Studio Solution File, Format Version 12.00
# Visual Studio Version 17
VisualStudioVersion = 17.5.33414.496
MinimumVisualStudioVersion = 10.0.40219.1
Project("{9A19103F-16F7-4668-BE54-9A1E7A4F7556}") = "CTeleport.API", "CTeleport.API\CTeleport.API.csproj", "{838F8452-5A72-4405-A889-B06FE6B9EAFA}"
EndProject
Project("{9A19103F-16F7-4668-BE54-9A1E7A4F7556}") = "CTeleport.Application", "CTeleport.Application\CTeleport.Application.csproj", "{9837B4FE-6848-40FA-BB36-ECFE0CBDFE2F}"
EndProject
Project("{9A19103F-16F7-4668-BE54-9A1E7A4F7556}") = "CTeleport.Domain", "CTeleport.Domain\CTeleport.Domain.csproj", "{26971572-30C7-4D73-8C21-01882EA06193}"
EndProject
Project("{9A19103F-16F7-4668-BE54-9A1E7A4F7556}") = "CTeleport.Infrastructure", "CTeleport.Infrastructure\CTeleport.Infrastructure.csproj", "{8CB583F5-5319-4D12-8868-EC4A273612BC}"
EndProject
Project("{9A19103F-16F7-4668-BE54-9A1E7A4F7556}") = "CTeleport.Localization", "CTeleport.Localization\CTeleport.Localization.csproj", "{A33C11AC-D35C-4530-BC0E-5122D9306F8D}"
EndProject
Global
	GlobalSection(SolutionConfigurationPlatforms) = preSolution
		Debug|Any CPU = Debug|Any CPU
		Release|Any CPU = Release|Any CPU
	EndGlobalSection
	GlobalSection(ProjectConfigurationPlatforms) = postSolution
		{838F8452-5A72-4405-A889-B06FE6B9EAFA}.Debug|Any CPU.ActiveCfg = Debug|Any CPU
		{838F8452-5A72-4405-A889-B06FE6B9EAFA}.Debug|Any CPU.Build.0 = Debug|Any CPU
		{838F8452-5A72-4405-A889-B06FE6B9EAFA}.Release|Any CPU.ActiveCfg = Release|Any CPU
		{838F8452-5A72-4405-A889-B06FE6B9EAFA}.Release|Any CPU.Build.0 = Release|Any CPU
		{9837B4FE-6848-40FA-BB36-ECFE0CBDFE2F}.Debug|Any CPU.ActiveCfg = Debug|Any CPU
		{9837B4FE-6848-40FA-BB36-ECFE0CBDFE2F}.Debug|Any CPU.Build.0 = Debug|Any CPU
		{9837B4FE-6848-40FA-BB36-ECFE0CBDFE2F}.Release|Any CPU.ActiveCfg = Release|Any CPU
		{9837B4FE-6848-40FA-BB36-ECFE0CBDFE2F}.Release|Any CPU.Build.0 = Release|Any CPU
		{26971572-30C7-4D73-8C21-01882EA06193}.Debug|Any CPU.ActiveCfg = Debug|Any CPU
		{26971572-30C7-4D73-8C21-01882EA06193}.Debug|Any CPU.Build.0 = Debug|Any CPU
		{26971572-30C7-4D73-8C21-01882EA06193}.Release|Any CPU.ActiveCfg = Release|Any CPU
		{26971572-30C7-4D73-8C21-01882EA06193}.Release|Any CPU.Build.0 = Release|Any CPU
		{8CB583F5-5319-4D12-8868-EC4A273612BC}.Debug|Any CPU.ActiveCfg = Debug|Any CPU
		{8CB583F5-5319-4D12-8868-EC4A273612BC}.Debug|Any CPU.Build.0 = Debug|Any CPU
		{8CB583F5-5319-4D12-8868-EC4A273612BC}.Release|Any CPU.ActiveCfg = Release|Any CPU
		{8CB583F5-5319-4D12-8868-EC4A273612BC}.Release|Any CPU.Build.0 = Release|Any CPU
		{A33C11AC-D35C-4530-BC0E-5122D9306F8D}.Debug|Any CPU.ActiveCfg = Debug|Any CPU
		{A33C11AC-D35C-4530-BC0E-5122D9306F8D}.Debug|Any CPU.Build.0 = Debug|Any CPU
		{A33C11AC-D35C-4530-BC0E-5122D9306F8D}.Release|Any CPU.ActiveCfg = Release|Any CPU
		{A33C11AC-D35C-4530-BC0E-5122D9306F8D}.Release|Any CPU.Build.0 = Release|Any CPU
	EndGlobalSection
	GlobalSection(SolutionProperties) = preSolution
		HideSolutionNode = FALSE
	EndGlobalSection
	GlobalSection(ExtensibilityGlobals) = postSolution
		SolutionGuid = {4260AC2C-8838-45EA-93DD-DE24A6144B2E}
	EndGlobalSection
EndGlobal
